
Microsoft Visual Studio Solution File, Format Version 12.00
# Visual Studio Version 17
VisualStudioVersion = 17.7.34202.233
MinimumVisualStudioVersion = 10.0.40219.1
Project("{FAE04EC0-301F-11D3-BF4B-00C04F79EFBC}") = "LISTA08", "LISTA08.csproj", "{7F803A59-58ED-464F-A64A-10BCECF03209}"
EndProject
Global
	GlobalSection(SolutionConfigurationPlatforms) = preSolution
		Debug|Any CPU = Debug|Any CPU
		Release|Any CPU = Release|Any CPU
	EndGlobalSection
	GlobalSection(ProjectConfigurationPlatforms) = postSolution
		{7F803A59-58ED-464F-A64A-10BCECF03209}.Debug|Any CPU.ActiveCfg = Debug|Any CPU
		{7F803A59-58ED-464F-A64A-10BCECF03209}.Debug|Any CPU.Build.0 = Debug|Any CPU
		{7F803A59-58ED-464F-A64A-10BCECF03209}.Release|Any CPU.ActiveCfg = Release|Any CPU
		{7F803A59-58ED-464F-A64A-10BCECF03209}.Release|Any CPU.Build.0 = Release|Any CPU
	EndGlobalSection
	GlobalSection(SolutionProperties) = preSolution
		HideSolutionNode = FALSE
	EndGlobalSection
	GlobalSection(ExtensibilityGlobals) = postSolution
		SolutionGuid = {5574C9EC-2FC1-4637-8EF3-8E446FC5A656}
	EndGlobalSection
EndGlobal
