
Microsoft Visual Studio Solution File, Format Version 12.00
# Visual Studio Version 17
VisualStudioVersion = 17.7.34202.233
MinimumVisualStudioVersion = 10.0.40219.1
Project("{FAE04EC0-301F-11D3-BF4B-00C04F79EFBC}") = "lista05", "lista05.csproj", "{B7588D4F-D6CC-4898-97CA-C56ED0B12931}"
EndProject
Global
	GlobalSection(SolutionConfigurationPlatforms) = preSolution
		Debug|Any CPU = Debug|Any CPU
		Release|Any CPU = Release|Any CPU
	EndGlobalSection
	GlobalSection(ProjectConfigurationPlatforms) = postSolution
		{B7588D4F-D6CC-4898-97CA-C56ED0B12931}.Debug|Any CPU.ActiveCfg = Debug|Any CPU
		{B7588D4F-D6CC-4898-97CA-C56ED0B12931}.Debug|Any CPU.Build.0 = Debug|Any CPU
		{B7588D4F-D6CC-4898-97CA-C56ED0B12931}.Release|Any CPU.ActiveCfg = Release|Any CPU
		{B7588D4F-D6CC-4898-97CA-C56ED0B12931}.Release|Any CPU.Build.0 = Release|Any CPU
	EndGlobalSection
	GlobalSection(SolutionProperties) = preSolution
		HideSolutionNode = FALSE
	EndGlobalSection
	GlobalSection(ExtensibilityGlobals) = postSolution
		SolutionGuid = {75C4D73B-5A08-4764-BC86-7BEBB8FA8B39}
	EndGlobalSection
EndGlobal
